// !$*UTF8*$!
{
	archiveVersion = 1;
	classes = {
	};
	objectVersion = 46;
	objects = {

/* Begin PBXBuildFile section */
		4CF78A5D0F7CF56F7557BEFE /* Pods_mySearch.framework in Frameworks */ = {isa = PBXBuildFile; fileRef = 686CD7A23C144DD249C639E8 /* Pods_mySearch.framework */; };
		F15AD7EF876E3289ED7C2C46 /* Pods.framework in Frameworks */ = {isa = PBXBuildFile; fileRef = 988EA6B06055A711D0FDFDF8 /* Pods.framework */; };
		FC118AF91BDEB91900847185 /* LeftMenuController.swift in Sources */ = {isa = PBXBuildFile; fileRef = FC118AF81BDEB91900847185 /* LeftMenuController.swift */; settings = {ASSET_TAGS = (); }; };
		FC6F1BB61BDECC10008EB12E /* Assets.xcassets in Resources */ = {isa = PBXBuildFile; fileRef = FC6F1BB51BDECC10008EB12E /* Assets.xcassets */; settings = {ASSET_TAGS = (); }; };
		FC6F1BB81BDEDB1D008EB12E /* LoginScreen.swift in Sources */ = {isa = PBXBuildFile; fileRef = FC6F1BB71BDEDB1D008EB12E /* LoginScreen.swift */; settings = {ASSET_TAGS = (); }; };
		FC6F1BBA1BDEDBED008EB12E /* MainScreenController.swift in Sources */ = {isa = PBXBuildFile; fileRef = FC6F1BB91BDEDBED008EB12E /* MainScreenController.swift */; settings = {ASSET_TAGS = (); }; };
		FCCEA8FD1BDFF019000CF0C8 /* SignupScreen.swift in Sources */ = {isa = PBXBuildFile; fileRef = FCCEA8FC1BDFF019000CF0C8 /* SignupScreen.swift */; settings = {ASSET_TAGS = (); }; };
		FCCEA9001BDFF272000CF0C8 /* SWRevealViewController.m in Sources */ = {isa = PBXBuildFile; fileRef = FCCEA8FF1BDFF272000CF0C8 /* SWRevealViewController.m */; settings = {ASSET_TAGS = (); }; };
		FCD4CBCA1BDEB47E005162C7 /* AppDelegate.swift in Sources */ = {isa = PBXBuildFile; fileRef = FCD4CBC91BDEB47E005162C7 /* AppDelegate.swift */; };
		FCD4CBCC1BDEB47E005162C7 /* ViewController.swift in Sources */ = {isa = PBXBuildFile; fileRef = FCD4CBCB1BDEB47E005162C7 /* ViewController.swift */; };
		FCD4CBCF1BDEB47E005162C7 /* Main.storyboard in Resources */ = {isa = PBXBuildFile; fileRef = FCD4CBCD1BDEB47E005162C7 /* Main.storyboard */; };
		FCD4CBD41BDEB47E005162C7 /* LaunchScreen.storyboard in Resources */ = {isa = PBXBuildFile; fileRef = FCD4CBD21BDEB47E005162C7 /* LaunchScreen.storyboard */; };
		FCD4CBDF1BDEB47E005162C7 /* mySearchTests.swift in Sources */ = {isa = PBXBuildFile; fileRef = FCD4CBDE1BDEB47E005162C7 /* mySearchTests.swift */; };
		FCD4CBEA1BDEB47E005162C7 /* mySearchUITests.swift in Sources */ = {isa = PBXBuildFile; fileRef = FCD4CBE91BDEB47E005162C7 /* mySearchUITests.swift */; };
/* End PBXBuildFile section */

/* Begin PBXContainerItemProxy section */
		FCD4CBDB1BDEB47E005162C7 /* PBXContainerItemProxy */ = {
			isa = PBXContainerItemProxy;
			containerPortal = FCD4CBBE1BDEB47E005162C7 /* Project object */;
			proxyType = 1;
			remoteGlobalIDString = FCD4CBC51BDEB47E005162C7;
			remoteInfo = mySearch;
		};
		FCD4CBE61BDEB47E005162C7 /* PBXContainerItemProxy */ = {
			isa = PBXContainerItemProxy;
			containerPortal = FCD4CBBE1BDEB47E005162C7 /* Project object */;
			proxyType = 1;
			remoteGlobalIDString = FCD4CBC51BDEB47E005162C7;
			remoteInfo = mySearch;
		};
/* End PBXContainerItemProxy section */

/* Begin PBXFileReference section */
		23B259A7F845729E4A9155CD /* Pods.release.xcconfig */ = {isa = PBXFileReference; includeInIndex = 1; lastKnownFileType = text.xcconfig; name = Pods.release.xcconfig; path = "Pods/Target Support Files/Pods/Pods.release.xcconfig"; sourceTree = "<group>"; };
		5B6CEAAA8B069250DE23E067 /* Pods.debug.xcconfig */ = {isa = PBXFileReference; includeInIndex = 1; lastKnownFileType = text.xcconfig; name = Pods.debug.xcconfig; path = "Pods/Target Support Files/Pods/Pods.debug.xcconfig"; sourceTree = "<group>"; };
		686CD7A23C144DD249C639E8 /* Pods_mySearch.framework */ = {isa = PBXFileReference; explicitFileType = wrapper.framework; includeInIndex = 0; path = Pods_mySearch.framework; sourceTree = BUILT_PRODUCTS_DIR; };
		988EA6B06055A711D0FDFDF8 /* Pods.framework */ = {isa = PBXFileReference; explicitFileType = wrapper.framework; includeInIndex = 0; path = Pods.framework; sourceTree = BUILT_PRODUCTS_DIR; };
		FC118AF81BDEB91900847185 /* LeftMenuController.swift */ = {isa = PBXFileReference; fileEncoding = 4; lastKnownFileType = sourcecode.swift; path = LeftMenuController.swift; sourceTree = "<group>"; };
		FC118AFB1BDEBC2600847185 /* mySearch-Bridging-Header.h */ = {isa = PBXFileReference; lastKnownFileType = sourcecode.c.h; path = "mySearch-Bridging-Header.h"; sourceTree = "<group>"; };
		FC6F1BB51BDECC10008EB12E /* Assets.xcassets */ = {isa = PBXFileReference; lastKnownFileType = folder.assetcatalog; path = Assets.xcassets; sourceTree = "<group>"; };
		FC6F1BB71BDEDB1D008EB12E /* LoginScreen.swift */ = {isa = PBXFileReference; fileEncoding = 4; lastKnownFileType = sourcecode.swift; path = LoginScreen.swift; sourceTree = "<group>"; };
		FC6F1BB91BDEDBED008EB12E /* MainScreenController.swift */ = {isa = PBXFileReference; fileEncoding = 4; lastKnownFileType = sourcecode.swift; path = MainScreenController.swift; sourceTree = "<group>"; };
		FCCEA8FC1BDFF019000CF0C8 /* SignupScreen.swift */ = {isa = PBXFileReference; fileEncoding = 4; lastKnownFileType = sourcecode.swift; path = SignupScreen.swift; sourceTree = "<group>"; };
		FCCEA8FE1BDFF272000CF0C8 /* SWRevealViewController.h */ = {isa = PBXFileReference; fileEncoding = 4; lastKnownFileType = sourcecode.c.h; name = SWRevealViewController.h; path = SWRevealViewController/SWRevealViewController.h; sourceTree = "<group>"; };
		FCCEA8FF1BDFF272000CF0C8 /* SWRevealViewController.m */ = {isa = PBXFileReference; fileEncoding = 4; lastKnownFileType = sourcecode.c.objc; name = SWRevealViewController.m; path = SWRevealViewController/SWRevealViewController.m; sourceTree = "<group>"; };
		FCD4CBC61BDEB47E005162C7 /* mySearch.app */ = {isa = PBXFileReference; explicitFileType = wrapper.application; includeInIndex = 0; path = mySearch.app; sourceTree = BUILT_PRODUCTS_DIR; };
		FCD4CBC91BDEB47E005162C7 /* AppDelegate.swift */ = {isa = PBXFileReference; lastKnownFileType = sourcecode.swift; path = AppDelegate.swift; sourceTree = "<group>"; };
		FCD4CBCB1BDEB47E005162C7 /* ViewController.swift */ = {isa = PBXFileReference; lastKnownFileType = sourcecode.swift; path = ViewController.swift; sourceTree = "<group>"; };
		FCD4CBCE1BDEB47E005162C7 /* Base */ = {isa = PBXFileReference; lastKnownFileType = file.storyboard; name = Base; path = Base.lproj/Main.storyboard; sourceTree = "<group>"; };
		FCD4CBD31BDEB47E005162C7 /* Base */ = {isa = PBXFileReference; lastKnownFileType = file.storyboard; name = Base; path = Base.lproj/LaunchScreen.storyboard; sourceTree = "<group>"; };
		FCD4CBD51BDEB47E005162C7 /* Info.plist */ = {isa = PBXFileReference; lastKnownFileType = text.plist.xml; path = Info.plist; sourceTree = "<group>"; };
		FCD4CBDA1BDEB47E005162C7 /* mySearchTests.xctest */ = {isa = PBXFileReference; explicitFileType = wrapper.cfbundle; includeInIndex = 0; path = mySearchTests.xctest; sourceTree = BUILT_PRODUCTS_DIR; };
		FCD4CBDE1BDEB47E005162C7 /* mySearchTests.swift */ = {isa = PBXFileReference; lastKnownFileType = sourcecode.swift; path = mySearchTests.swift; sourceTree = "<group>"; };
		FCD4CBE01BDEB47E005162C7 /* Info.plist */ = {isa = PBXFileReference; lastKnownFileType = text.plist.xml; path = Info.plist; sourceTree = "<group>"; };
		FCD4CBE51BDEB47E005162C7 /* mySearchUITests.xctest */ = {isa = PBXFileReference; explicitFileType = wrapper.cfbundle; includeInIndex = 0; path = mySearchUITests.xctest; sourceTree = BUILT_PRODUCTS_DIR; };
		FCD4CBE91BDEB47E005162C7 /* mySearchUITests.swift */ = {isa = PBXFileReference; lastKnownFileType = sourcecode.swift; path = mySearchUITests.swift; sourceTree = "<group>"; };
		FCD4CBEB1BDEB47E005162C7 /* Info.plist */ = {isa = PBXFileReference; lastKnownFileType = text.plist.xml; path = Info.plist; sourceTree = "<group>"; };
/* End PBXFileReference section */

/* Begin PBXFrameworksBuildPhase section */
		FCD4CBC31BDEB47E005162C7 /* Frameworks */ = {
			isa = PBXFrameworksBuildPhase;
			buildActionMask = 2147483647;
			files = (
				F15AD7EF876E3289ED7C2C46 /* Pods.framework in Frameworks */,
				4CF78A5D0F7CF56F7557BEFE /* Pods_mySearch.framework in Frameworks */,
			);
			runOnlyForDeploymentPostprocessing = 0;
		};
		FCD4CBD71BDEB47E005162C7 /* Frameworks */ = {
			isa = PBXFrameworksBuildPhase;
			buildActionMask = 2147483647;
			files = (
			);
			runOnlyForDeploymentPostprocessing = 0;
		};
		FCD4CBE21BDEB47E005162C7 /* Frameworks */ = {
			isa = PBXFrameworksBuildPhase;
			buildActionMask = 2147483647;
			files = (
			);
			runOnlyForDeploymentPostprocessing = 0;
		};
/* End PBXFrameworksBuildPhase section */

/* Begin PBXGroup section */
		62F1881EE8DB5595478CE42E /* Pods */ = {
			isa = PBXGroup;
			children = (
				5B6CEAAA8B069250DE23E067 /* Pods.debug.xcconfig */,
				23B259A7F845729E4A9155CD /* Pods.release.xcconfig */,
			);
			name = Pods;
			sourceTree = "<group>";
		};
		7260390FA5367A5DF73DD0E0 /* Frameworks */ = {
			isa = PBXGroup;
			children = (
				988EA6B06055A711D0FDFDF8 /* Pods.framework */,
				686CD7A23C144DD249C639E8 /* Pods_mySearch.framework */,
			);
			name = Frameworks;
			sourceTree = "<group>";
		};
		FC118AFA1BDEBBF600847185 /* SWRevealViewController */ = {
			isa = PBXGroup;
			children = (
				FCCEA8FE1BDFF272000CF0C8 /* SWRevealViewController.h */,
				FCCEA8FF1BDFF272000CF0C8 /* SWRevealViewController.m */,
				FC118AFB1BDEBC2600847185 /* mySearch-Bridging-Header.h */,
			);
			name = SWRevealViewController;
			sourceTree = "<group>";
		};
		FCD4CBBD1BDEB47E005162C7 = {
			isa = PBXGroup;
			children = (
				FCD4CBC81BDEB47E005162C7 /* mySearch */,
				FCD4CBDD1BDEB47E005162C7 /* mySearchTests */,
				FCD4CBE81BDEB47E005162C7 /* mySearchUITests */,
				FCD4CBC71BDEB47E005162C7 /* Products */,
				62F1881EE8DB5595478CE42E /* Pods */,
				7260390FA5367A5DF73DD0E0 /* Frameworks */,
			);
			sourceTree = "<group>";
		};
		FCD4CBC71BDEB47E005162C7 /* Products */ = {
			isa = PBXGroup;
			children = (
				FCD4CBC61BDEB47E005162C7 /* mySearch.app */,
				FCD4CBDA1BDEB47E005162C7 /* mySearchTests.xctest */,
				FCD4CBE51BDEB47E005162C7 /* mySearchUITests.xctest */,
			);
			name = Products;
			sourceTree = "<group>";
		};
		FCD4CBC81BDEB47E005162C7 /* mySearch */ = {
			isa = PBXGroup;
			children = (
				FC118AFA1BDEBBF600847185 /* SWRevealViewController */,
				FCD4CBC91BDEB47E005162C7 /* AppDelegate.swift */,
				FC6F1BB51BDECC10008EB12E /* Assets.xcassets */,
				FCD4CBCB1BDEB47E005162C7 /* ViewController.swift */,
				FCD4CBCD1BDEB47E005162C7 /* Main.storyboard */,
				FCD4CBD21BDEB47E005162C7 /* LaunchScreen.storyboard */,
				FCD4CBD51BDEB47E005162C7 /* Info.plist */,
				FC118AF81BDEB91900847185 /* LeftMenuController.swift */,
				FC6F1BB71BDEDB1D008EB12E /* LoginScreen.swift */,
				FC6F1BB91BDEDBED008EB12E /* MainScreenController.swift */,
				FCCEA8FC1BDFF019000CF0C8 /* SignupScreen.swift */,
			);
			path = mySearch;
			sourceTree = "<group>";
		};
		FCD4CBDD1BDEB47E005162C7 /* mySearchTests */ = {
			isa = PBXGroup;
			children = (
				FCD4CBDE1BDEB47E005162C7 /* mySearchTests.swift */,
				FCD4CBE01BDEB47E005162C7 /* Info.plist */,
			);
			path = mySearchTests;
			sourceTree = "<group>";
		};
		FCD4CBE81BDEB47E005162C7 /* mySearchUITests */ = {
			isa = PBXGroup;
			children = (
				FCD4CBE91BDEB47E005162C7 /* mySearchUITests.swift */,
				FCD4CBEB1BDEB47E005162C7 /* Info.plist */,
			);
			path = mySearchUITests;
			sourceTree = "<group>";
		};
/* End PBXGroup section */

/* Begin PBXNativeTarget section */
		FCD4CBC51BDEB47E005162C7 /* mySearch */ = {
			isa = PBXNativeTarget;
			buildConfigurationList = FCD4CBEE1BDEB47E005162C7 /* Build configuration list for PBXNativeTarget "mySearch" */;
			buildPhases = (
				F7FB8C9542FAAE016421949B /* Check Pods Manifest.lock */,
				FCD4CBC21BDEB47E005162C7 /* Sources */,
				FCD4CBC31BDEB47E005162C7 /* Frameworks */,
				FCD4CBC41BDEB47E005162C7 /* Resources */,
				2F74B662458A2E8031A3972A /* Embed Pods Frameworks */,
				357739C8B98A8951093A1297 /* Copy Pods Resources */,
			);
			buildRules = (
			);
			dependencies = (
			);
			name = mySearch;
			productName = mySearch;
			productReference = FCD4CBC61BDEB47E005162C7 /* mySearch.app */;
			productType = "com.apple.product-type.application";
		};
		FCD4CBD91BDEB47E005162C7 /* mySearchTests */ = {
			isa = PBXNativeTarget;
			buildConfigurationList = FCD4CBF11BDEB47E005162C7 /* Build configuration list for PBXNativeTarget "mySearchTests" */;
			buildPhases = (
				FCD4CBD61BDEB47E005162C7 /* Sources */,
				FCD4CBD71BDEB47E005162C7 /* Frameworks */,
				FCD4CBD81BDEB47E005162C7 /* Resources */,
			);
			buildRules = (
			);
			dependencies = (
				FCD4CBDC1BDEB47E005162C7 /* PBXTargetDependency */,
			);
			name = mySearchTests;
			productName = mySearchTests;
			productReference = FCD4CBDA1BDEB47E005162C7 /* mySearchTests.xctest */;
			productType = "com.apple.product-type.bundle.unit-test";
		};
		FCD4CBE41BDEB47E005162C7 /* mySearchUITests */ = {
			isa = PBXNativeTarget;
			buildConfigurationList = FCD4CBF41BDEB47E005162C7 /* Build configuration list for PBXNativeTarget "mySearchUITests" */;
			buildPhases = (
				FCD4CBE11BDEB47E005162C7 /* Sources */,
				FCD4CBE21BDEB47E005162C7 /* Frameworks */,
				FCD4CBE31BDEB47E005162C7 /* Resources */,
			);
			buildRules = (
			);
			dependencies = (
				FCD4CBE71BDEB47E005162C7 /* PBXTargetDependency */,
			);
			name = mySearchUITests;
			productName = mySearchUITests;
			productReference = FCD4CBE51BDEB47E005162C7 /* mySearchUITests.xctest */;
			productType = "com.apple.product-type.bundle.ui-testing";
		};
/* End PBXNativeTarget section */

/* Begin PBXProject section */
		FCD4CBBE1BDEB47E005162C7 /* Project object */ = {
			isa = PBXProject;
			attributes = {
				LastSwiftUpdateCheck = 0700;
				LastUpgradeCheck = 0700;
				ORGANIZATIONNAME = "Panagiotis Tzimotoudis";
				TargetAttributes = {
					FCD4CBC51BDEB47E005162C7 = {
						CreatedOnToolsVersion = 7.0.1;
						DevelopmentTeam = 77JGMTDP54;
					};
					FCD4CBD91BDEB47E005162C7 = {
						CreatedOnToolsVersion = 7.0.1;
						DevelopmentTeam = 77JGMTDP54;
						TestTargetID = FCD4CBC51BDEB47E005162C7;
					};
					FCD4CBE41BDEB47E005162C7 = {
						CreatedOnToolsVersion = 7.0.1;
						DevelopmentTeam = 77JGMTDP54;
						TestTargetID = FCD4CBC51BDEB47E005162C7;
					};
				};
			};
			buildConfigurationList = FCD4CBC11BDEB47E005162C7 /* Build configuration list for PBXProject "mySearch" */;
			compatibilityVersion = "Xcode 3.2";
			developmentRegion = English;
			hasScannedForEncodings = 0;
			knownRegions = (
				en,
				Base,
			);
			mainGroup = FCD4CBBD1BDEB47E005162C7;
			productRefGroup = FCD4CBC71BDEB47E005162C7 /* Products */;
			projectDirPath = "";
			projectRoot = "";
			targets = (
				FCD4CBC51BDEB47E005162C7 /* mySearch */,
				FCD4CBD91BDEB47E005162C7 /* mySearchTests */,
				FCD4CBE41BDEB47E005162C7 /* mySearchUITests */,
			);
		};
/* End PBXProject section */

/* Begin PBXResourcesBuildPhase section */
		FCD4CBC41BDEB47E005162C7 /* Resources */ = {
			isa = PBXResourcesBuildPhase;
			buildActionMask = 2147483647;
			files = (
				FCD4CBD41BDEB47E005162C7 /* LaunchScreen.storyboard in Resources */,
				FC6F1BB61BDECC10008EB12E /* Assets.xcassets in Resources */,
				FCD4CBCF1BDEB47E005162C7 /* Main.storyboard in Resources */,
			);
			runOnlyForDeploymentPostprocessing = 0;
		};
		FCD4CBD81BDEB47E005162C7 /* Resources */ = {
			isa = PBXResourcesBuildPhase;
			buildActionMask = 2147483647;
			files = (
			);
			runOnlyForDeploymentPostprocessing = 0;
		};
		FCD4CBE31BDEB47E005162C7 /* Resources */ = {
			isa = PBXResourcesBuildPhase;
			buildActionMask = 2147483647;
			files = (
			);
			runOnlyForDeploymentPostprocessing = 0;
		};
/* End PBXResourcesBuildPhase section */

/* Begin PBXShellScriptBuildPhase section */
		2F74B662458A2E8031A3972A /* Embed Pods Frameworks */ = {
			isa = PBXShellScriptBuildPhase;
			buildActionMask = 2147483647;
			files = (
			);
			inputPaths = (
			);
			name = "Embed Pods Frameworks";
			outputPaths = (
			);
			runOnlyForDeploymentPostprocessing = 0;
			shellPath = /bin/sh;
			shellScript = "\"${SRCROOT}/Pods/Target Support Files/Pods-mySearch/Pods-mySearch-frameworks.sh\"\n";
			showEnvVarsInLog = 0;
		};
		357739C8B98A8951093A1297 /* Copy Pods Resources */ = {
			isa = PBXShellScriptBuildPhase;
			buildActionMask = 2147483647;
			files = (
			);
			inputPaths = (
			);
			name = "Copy Pods Resources";
			outputPaths = (
			);
			runOnlyForDeploymentPostprocessing = 0;
			shellPath = /bin/sh;
			shellScript = "\"${SRCROOT}/Pods/Target Support Files/Pods-mySearch/Pods-mySearch-resources.sh\"\n";
			showEnvVarsInLog = 0;
		};
		F7FB8C9542FAAE016421949B /* Check Pods Manifest.lock */ = {
			isa = PBXShellScriptBuildPhase;
			buildActionMask = 2147483647;
			files = (
			);
			inputPaths = (
			);
			name = "Check Pods Manifest.lock";
			outputPaths = (
			);
			runOnlyForDeploymentPostprocessing = 0;
			shellPath = /bin/sh;
			shellScript = "diff \"${PODS_ROOT}/../Podfile.lock\" \"${PODS_ROOT}/Manifest.lock\" > /dev/null\nif [[ $? != 0 ]] ; then\n    cat << EOM\nerror: The sandbox is not in sync with the Podfile.lock. Run 'pod install' or update your CocoaPods installation.\nEOM\n    exit 1\nfi\n";
			showEnvVarsInLog = 0;
		};
/* End PBXShellScriptBuildPhase section */

/* Begin PBXSourcesBuildPhase section */
		FCD4CBC21BDEB47E005162C7 /* Sources */ = {
			isa = PBXSourcesBuildPhase;
			buildActionMask = 2147483647;
			files = (
				FCD4CBCC1BDEB47E005162C7 /* ViewController.swift in Sources */,
				FCD4CBCA1BDEB47E005162C7 /* AppDelegate.swift in Sources */,
				FCCEA8FD1BDFF019000CF0C8 /* SignupScreen.swift in Sources */,
				FCCEA9001BDFF272000CF0C8 /* SWRevealViewController.m in Sources */,
				FC6F1BBA1BDEDBED008EB12E /* MainScreenController.swift in Sources */,
				FC118AF91BDEB91900847185 /* LeftMenuController.swift in Sources */,
				FC6F1BB81BDEDB1D008EB12E /* LoginScreen.swift in Sources */,
			);
			runOnlyForDeploymentPostprocessing = 0;
		};
		FCD4CBD61BDEB47E005162C7 /* Sources */ = {
			isa = PBXSourcesBuildPhase;
			buildActionMask = 2147483647;
			files = (
				FCD4CBDF1BDEB47E005162C7 /* mySearchTests.swift in Sources */,
			);
			runOnlyForDeploymentPostprocessing = 0;
		};
		FCD4CBE11BDEB47E005162C7 /* Sources */ = {
			isa = PBXSourcesBuildPhase;
			buildActionMask = 2147483647;
			files = (
				FCD4CBEA1BDEB47E005162C7 /* mySearchUITests.swift in Sources */,
			);
			runOnlyForDeploymentPostprocessing = 0;
		};
/* End PBXSourcesBuildPhase section */

/* Begin PBXTargetDependency section */
		FCD4CBDC1BDEB47E005162C7 /* PBXTargetDependency */ = {
			isa = PBXTargetDependency;
			target = FCD4CBC51BDEB47E005162C7 /* mySearch */;
			targetProxy = FCD4CBDB1BDEB47E005162C7 /* PBXContainerItemProxy */;
		};
		FCD4CBE71BDEB47E005162C7 /* PBXTargetDependency */ = {
			isa = PBXTargetDependency;
			target = FCD4CBC51BDEB47E005162C7 /* mySearch */;
			targetProxy = FCD4CBE61BDEB47E005162C7 /* PBXContainerItemProxy */;
		};
/* End PBXTargetDependency section */

/* Begin PBXVariantGroup section */
		FCD4CBCD1BDEB47E005162C7 /* Main.storyboard */ = {
			isa = PBXVariantGroup;
			children = (
				FCD4CBCE1BDEB47E005162C7 /* Base */,
			);
			name = Main.storyboard;
			sourceTree = "<group>";
		};
		FCD4CBD21BDEB47E005162C7 /* LaunchScreen.storyboard */ = {
			isa = PBXVariantGroup;
			children = (
				FCD4CBD31BDEB47E005162C7 /* Base */,
			);
			name = LaunchScreen.storyboard;
			sourceTree = "<group>";
		};
/* End PBXVariantGroup section */

/* Begin XCBuildConfiguration section */
		FCD4CBEC1BDEB47E005162C7 /* Debug */ = {
			isa = XCBuildConfiguration;
			buildSettings = {
				ALWAYS_SEARCH_USER_PATHS = NO;
				CLANG_CXX_LANGUAGE_STANDARD = "gnu++0x";
				CLANG_CXX_LIBRARY = "libc++";
				CLANG_ENABLE_MODULES = YES;
				CLANG_ENABLE_OBJC_ARC = YES;
				CLANG_WARN_BOOL_CONVERSION = YES;
				CLANG_WARN_CONSTANT_CONVERSION = YES;
				CLANG_WARN_DIRECT_OBJC_ISA_USAGE = YES_ERROR;
				CLANG_WARN_EMPTY_BODY = YES;
				CLANG_WARN_ENUM_CONVERSION = YES;
				CLANG_WARN_INT_CONVERSION = YES;
				CLANG_WARN_OBJC_ROOT_CLASS = YES_ERROR;
				CLANG_WARN_UNREACHABLE_CODE = YES;
				CLANG_WARN__DUPLICATE_METHOD_MATCH = YES;
				"CODE_SIGN_IDENTITY[sdk=iphoneos*]" = "iPhone Developer";
				COPY_PHASE_STRIP = NO;
				DEBUG_INFORMATION_FORMAT = dwarf;
				ENABLE_STRICT_OBJC_MSGSEND = YES;
				ENABLE_TESTABILITY = YES;
				GCC_C_LANGUAGE_STANDARD = gnu99;
				GCC_DYNAMIC_NO_PIC = NO;
				GCC_NO_COMMON_BLOCKS = YES;
				GCC_OPTIMIZATION_LEVEL = 0;
				GCC_PREPROCESSOR_DEFINITIONS = (
					"DEBUG=1",
					"$(inherited)",
				);
				GCC_WARN_64_TO_32_BIT_CONVERSION = YES;
				GCC_WARN_ABOUT_RETURN_TYPE = YES_ERROR;
				GCC_WARN_UNDECLARED_SELECTOR = YES;
				GCC_WARN_UNINITIALIZED_AUTOS = YES_AGGRESSIVE;
				GCC_WARN_UNUSED_FUNCTION = YES;
				GCC_WARN_UNUSED_VARIABLE = YES;
				IPHONEOS_DEPLOYMENT_TARGET = 9.0;
				MTL_ENABLE_DEBUG_INFO = YES;
				ONLY_ACTIVE_ARCH = YES;
				SDKROOT = iphoneos;
				SWIFT_OPTIMIZATION_LEVEL = "-Onone";
				TARGETED_DEVICE_FAMILY = "1,2";
			};
			name = Debug;
		};
		FCD4CBED1BDEB47E005162C7 /* Release */ = {
			isa = XCBuildConfiguration;
			buildSettings = {
				ALWAYS_SEARCH_USER_PATHS = NO;
				CLANG_CXX_LANGUAGE_STANDARD = "gnu++0x";
				CLANG_CXX_LIBRARY = "libc++";
				CLANG_ENABLE_MODULES = YES;
				CLANG_ENABLE_OBJC_ARC = YES;
				CLANG_WARN_BOOL_CONVERSION = YES;
				CLANG_WARN_CONSTANT_CONVERSION = YES;
				CLANG_WARN_DIRECT_OBJC_ISA_USAGE = YES_ERROR;
				CLANG_WARN_EMPTY_BODY = YES;
				CLANG_WARN_ENUM_CONVERSION = YES;
				CLANG_WARN_INT_CONVERSION = YES;
				CLANG_WARN_OBJC_ROOT_CLASS = YES_ERROR;
				CLANG_WARN_UNREACHABLE_CODE = YES;
				CLANG_WARN__DUPLICATE_METHOD_MATCH = YES;
				"CODE_SIGN_IDENTITY[sdk=iphoneos*]" = "iPhone Developer";
				COPY_PHASE_STRIP = NO;
				DEBUG_INFORMATION_FORMAT = "dwarf-with-dsym";
				ENABLE_NS_ASSERTIONS = NO;
				ENABLE_STRICT_OBJC_MSGSEND = YES;
				GCC_C_LANGUAGE_STANDARD = gnu99;
				GCC_NO_COMMON_BLOCKS = YES;
				GCC_WARN_64_TO_32_BIT_CONVERSION = YES;
				GCC_WARN_ABOUT_RETURN_TYPE = YES_ERROR;
				GCC_WARN_UNDECLARED_SELECTOR = YES;
				GCC_WARN_UNINITIALIZED_AUTOS = YES_AGGRESSIVE;
				GCC_WARN_UNUSED_FUNCTION = YES;
				GCC_WARN_UNUSED_VARIABLE = YES;
				IPHONEOS_DEPLOYMENT_TARGET = 9.0;
				MTL_ENABLE_DEBUG_INFO = NO;
				SDKROOT = iphoneos;
				TARGETED_DEVICE_FAMILY = "1,2";
				VALIDATE_PRODUCT = YES;
			};
			name = Release;
		};
		FCD4CBEF1BDEB47E005162C7 /* Debug */ = {
			isa = XCBuildConfiguration;
			baseConfigurationReference = 5B6CEAAA8B069250DE23E067 /* Pods.debug.xcconfig */;
			buildSettings = {
				ASSETCATALOG_COMPILER_APPICON_NAME = AppIcon;
				CLANG_ENABLE_MODULES = YES;
				INFOPLIST_FILE = mySearch/Info.plist;
				LD_RUNPATH_SEARCH_PATHS = "$(inherited) @executable_path/Frameworks";
				PRODUCT_BUNDLE_IDENTIFIER = "Panagiotis-Tzimotoudis.mySearch";
				PRODUCT_NAME = "$(TARGET_NAME)";
				SWIFT_OBJC_BRIDGING_HEADER = "mySearch/mySearch-Bridging-Header.h";
				SWIFT_OPTIMIZATION_LEVEL = "-Onone";
			};
			name = Debug;
		};
		FCD4CBF01BDEB47E005162C7 /* Release */ = {
			isa = XCBuildConfiguration;
			baseConfigurationReference = 23B259A7F845729E4A9155CD /* Pods.release.xcconfig */;
			buildSettings = {
				ASSETCATALOG_COMPILER_APPICON_NAME = AppIcon;
				CLANG_ENABLE_MODULES = YES;
				INFOPLIST_FILE = mySearch/Info.plist;
				LD_RUNPATH_SEARCH_PATHS = "$(inherited) @executable_path/Frameworks";
				PRODUCT_BUNDLE_IDENTIFIER = "Panagiotis-Tzimotoudis.mySearch";
				PRODUCT_NAME = "$(TARGET_NAME)";
				SWIFT_OBJC_BRIDGING_HEADER = "mySearch/mySearch-Bridging-Header.h";
			};
			name = Release;
		};
		FCD4CBF21BDEB47E005162C7 /* Debug */ = {
			isa = XCBuildConfiguration;
			buildSettings = {
				BUNDLE_LOADER = "$(TEST_HOST)";
				INFOPLIST_FILE = mySearchTests/Info.plist;
				LD_RUNPATH_SEARCH_PATHS = "$(inherited) @executable_path/Frameworks @loader_path/Frameworks";
				PRODUCT_BUNDLE_IDENTIFIER = "Panagiotis-Tzimotoudis.mySearchTests";
				PRODUCT_NAME = "$(TARGET_NAME)";
				TEST_HOST = "$(BUILT_PRODUCTS_DIR)/mySearch.app/mySearch";
			};
			name = Debug;
		};
		FCD4CBF31BDEB47E005162C7 /* Release */ = {
			isa = XCBuildConfiguration;
			buildSettings = {
				BUNDLE_LOADER = "$(TEST_HOST)";
				INFOPLIST_FILE = mySearchTests/Info.plist;
				LD_RUNPATH_SEARCH_PATHS = "$(inherited) @executable_path/Frameworks @loader_path/Frameworks";
				PRODUCT_BUNDLE_IDENTIFIER = "Panagiotis-Tzimotoudis.mySearchTests";
				PRODUCT_NAME = "$(TARGET_NAME)";
				TEST_HOST = "$(BUILT_PRODUCTS_DIR)/mySearch.app/mySearch";
			};
			name = Release;
		};
		FCD4CBF51BDEB47E005162C7 /* Debug */ = {
			isa = XCBuildConfiguration;
			buildSettings = {
				INFOPLIST_FILE = mySearchUITests/Info.plist;
				LD_RUNPATH_SEARCH_PATHS = "$(inherited) @executable_path/Frameworks @loader_path/Frameworks";
				PRODUCT_BUNDLE_IDENTIFIER = "Panagiotis-Tzimotoudis.mySearchUITests";
				PRODUCT_NAME = "$(TARGET_NAME)";
				TEST_TARGET_NAME = mySearch;
				USES_XCTRUNNER = YES;
			};
			name = Debug;
		};
		FCD4CBF61BDEB47E005162C7 /* Release */ = {
			isa = XCBuildConfiguration;
			buildSettings = {
				INFOPLIST_FILE = mySearchUITests/Info.plist;
				LD_RUNPATH_SEARCH_PATHS = "$(inherited) @executable_path/Frameworks @loader_path/Frameworks";
				PRODUCT_BUNDLE_IDENTIFIER = "Panagiotis-Tzimotoudis.mySearchUITests";
				PRODUCT_NAME = "$(TARGET_NAME)";
				TEST_TARGET_NAME = mySearch;
				USES_XCTRUNNER = YES;
			};
			name = Release;
		};
/* End XCBuildConfiguration section */

/* Begin XCConfigurationList section */
		FCD4CBC11BDEB47E005162C7 /* Build configuration list for PBXProject "mySearch" */ = {
			isa = XCConfigurationList;
			buildConfigurations = (
				FCD4CBEC1BDEB47E005162C7 /* Debug */,
				FCD4CBED1BDEB47E005162C7 /* Release */,
			);
			defaultConfigurationIsVisible = 0;
			defaultConfigurationName = Release;
		};
		FCD4CBEE1BDEB47E005162C7 /* Build configuration list for PBXNativeTarget "mySearch" */ = {
			isa = XCConfigurationList;
			buildConfigurations = (
				FCD4CBEF1BDEB47E005162C7 /* Debug */,
				FCD4CBF01BDEB47E005162C7 /* Release */,
			);
			defaultConfigurationIsVisible = 0;
			defaultConfigurationName = Release;
		};
		FCD4CBF11BDEB47E005162C7 /* Build configuration list for PBXNativeTarget "mySearchTests" */ = {
			isa = XCConfigurationList;
			buildConfigurations = (
				FCD4CBF21BDEB47E005162C7 /* Debug */,
				FCD4CBF31BDEB47E005162C7 /* Release */,
			);
			defaultConfigurationIsVisible = 0;
			defaultConfigurationName = Release;
		};
		FCD4CBF41BDEB47E005162C7 /* Build configuration list for PBXNativeTarget "mySearchUITests" */ = {
			isa = XCConfigurationList;
			buildConfigurations = (
				FCD4CBF51BDEB47E005162C7 /* Debug */,
				FCD4CBF61BDEB47E005162C7 /* Release */,
			);
			defaultConfigurationIsVisible = 0;
			defaultConfigurationName = Release;
		};
/* End XCConfigurationList section */
	};
	rootObject = FCD4CBBE1BDEB47E005162C7 /* Project object */;
}
